
Microsoft Visual Studio Solution File, Format Version 12.00
# Visual Studio Version 16
VisualStudioVersion = 16.0.29306.81
MinimumVisualStudioVersion = 10.0.40219.1
Project("{FAE04EC0-301F-11D3-BF4B-00C04F79EFBC}") = "Client", "Test\Client.csproj", "{9C40CD2C-5F2F-4FC3-B330-D0AB75196C8A}"
EndProject
Project("{FAE04EC0-301F-11D3-BF4B-00C04F79EFBC}") = "Server", "server\Server.csproj", "{3869FA36-D372-4C78-BDFA-743C7853A3E8}"
EndProject
Project("{FAE04EC0-301F-11D3-BF4B-00C04F79EFBC}") = "Packet", "Packet\Packet.csproj", "{2641F734-A6F3-4642-98D5-9490ABD9C689}"
EndProject
Global
	GlobalSection(SolutionConfigurationPlatforms) = preSolution
		Debug|Any CPU = Debug|Any CPU
		Release|Any CPU = Release|Any CPU
	EndGlobalSection
	GlobalSection(ProjectConfigurationPlatforms) = postSolution
		{9C40CD2C-5F2F-4FC3-B330-D0AB75196C8A}.Debug|Any CPU.ActiveCfg = Debug|Any CPU
		{9C40CD2C-5F2F-4FC3-B330-D0AB75196C8A}.Debug|Any CPU.Build.0 = Debug|Any CPU
		{9C40CD2C-5F2F-4FC3-B330-D0AB75196C8A}.Release|Any CPU.ActiveCfg = Release|Any CPU
		{9C40CD2C-5F2F-4FC3-B330-D0AB75196C8A}.Release|Any CPU.Build.0 = Release|Any CPU
		{3869FA36-D372-4C78-BDFA-743C7853A3E8}.Debug|Any CPU.ActiveCfg = Debug|Any CPU
		{3869FA36-D372-4C78-BDFA-743C7853A3E8}.Debug|Any CPU.Build.0 = Debug|Any CPU
		{3869FA36-D372-4C78-BDFA-743C7853A3E8}.Release|Any CPU.ActiveCfg = Release|Any CPU
		{3869FA36-D372-4C78-BDFA-743C7853A3E8}.Release|Any CPU.Build.0 = Release|Any CPU
		{2641F734-A6F3-4642-98D5-9490ABD9C689}.Debug|Any CPU.ActiveCfg = Debug|Any CPU
		{2641F734-A6F3-4642-98D5-9490ABD9C689}.Debug|Any CPU.Build.0 = Debug|Any CPU
		{2641F734-A6F3-4642-98D5-9490ABD9C689}.Release|Any CPU.ActiveCfg = Release|Any CPU
		{2641F734-A6F3-4642-98D5-9490ABD9C689}.Release|Any CPU.Build.0 = Release|Any CPU
	EndGlobalSection
	GlobalSection(SolutionProperties) = preSolution
		HideSolutionNode = FALSE
	EndGlobalSection
	GlobalSection(ExtensibilityGlobals) = postSolution
		SolutionGuid = {8E6A3D0D-E486-4B59-8141-A0DCB99811BF}
	EndGlobalSection
EndGlobal
